
Microsoft Visual Studio Solution File, Format Version 12.00
# Visual Studio 15
VisualStudioVersion = 15.0.28307.489
MinimumVisualStudioVersion = 10.0.40219.1
Project("{FAE04EC0-301F-11D3-BF4B-00C04F79EFBC}") = "ex1", "ex1\ex1.csproj", "{5946F2DD-13B6-48A4-B6C7-67A078BC2CE9}"
EndProject
Global
	GlobalSection(SolutionConfigurationPlatforms) = preSolution
		Debug|Any CPU = Debug|Any CPU
		Release|Any CPU = Release|Any CPU
	EndGlobalSection
	GlobalSection(ProjectConfigurationPlatforms) = postSolution
		{5946F2DD-13B6-48A4-B6C7-67A078BC2CE9}.Debug|Any CPU.ActiveCfg = Debug|Any CPU
		{5946F2DD-13B6-48A4-B6C7-67A078BC2CE9}.Debug|Any CPU.Build.0 = Debug|Any CPU
		{5946F2DD-13B6-48A4-B6C7-67A078BC2CE9}.Release|Any CPU.ActiveCfg = Release|Any CPU
		{5946F2DD-13B6-48A4-B6C7-67A078BC2CE9}.Release|Any CPU.Build.0 = Release|Any CPU
	EndGlobalSection
	GlobalSection(SolutionProperties) = preSolution
		HideSolutionNode = FALSE
	EndGlobalSection
	GlobalSection(ExtensibilityGlobals) = postSolution
		SolutionGuid = {39E2BD2A-2685-4064-88C8-793F912B95EB}
	EndGlobalSection
EndGlobal
